
Microsoft Visual Studio Solution File, Format Version 12.00
# Visual Studio Version 16
VisualStudioVersion = 16.0.31702.278
MinimumVisualStudioVersion = 10.0.40219.1
Project("{FAE04EC0-301F-11D3-BF4B-00C04F79EFBC}") = "Su_Project", "Su_Project.csproj", "{74FC73D4-DEBF-4E8F-A084-616C93286EB0}"
EndProject
Global
	GlobalSection(SolutionConfigurationPlatforms) = preSolution
		Debug|Any CPU = Debug|Any CPU
		Release|Any CPU = Release|Any CPU
	EndGlobalSection
	GlobalSection(ProjectConfigurationPlatforms) = postSolution
		{74FC73D4-DEBF-4E8F-A084-616C93286EB0}.Debug|Any CPU.ActiveCfg = Debug|Any CPU
		{74FC73D4-DEBF-4E8F-A084-616C93286EB0}.Debug|Any CPU.Build.0 = Debug|Any CPU
		{74FC73D4-DEBF-4E8F-A084-616C93286EB0}.Release|Any CPU.ActiveCfg = Release|Any CPU
		{74FC73D4-DEBF-4E8F-A084-616C93286EB0}.Release|Any CPU.Build.0 = Release|Any CPU
	EndGlobalSection
	GlobalSection(SolutionProperties) = preSolution
		HideSolutionNode = FALSE
	EndGlobalSection
	GlobalSection(ExtensibilityGlobals) = postSolution
		SolutionGuid = {FE59CEC0-0788-4309-9E99-A8B9973096B4}
	EndGlobalSection
EndGlobal
